// !$*UTF8*$!
{
	archiveVersion = 1;
	classes = {
	};
	objectVersion = 51;
	objects = {

/* Begin PBXBuildFile section */
		507DA7752571C52B00212DA7 /* GoogleService-Info.plist in Resources */ = {isa = PBXBuildFile; fileRef = 507DA7742571C52B00212DA7 /* GoogleService-Info.plist */; };
		50B6B32E2571DC8B006E8D43 /* SignUpViewController.swift in Sources */ = {isa = PBXBuildFile; fileRef = 50B6B32D2571DC8B006E8D43 /* SignUpViewController.swift */; };
		50B6B3302571DCA2006E8D43 /* SignInViewController.swift in Sources */ = {isa = PBXBuildFile; fileRef = 50B6B32F2571DCA2006E8D43 /* SignInViewController.swift */; };
		50B6B3322572C22D006E8D43 /* HomeViewController.swift in Sources */ = {isa = PBXBuildFile; fileRef = 50B6B3312572C22D006E8D43 /* HomeViewController.swift */; };
		50B6B3382572D108006E8D43 /* LoginPageViewController.swift in Sources */ = {isa = PBXBuildFile; fileRef = 50B6B3372572D108006E8D43 /* LoginPageViewController.swift */; };
		50B6B33A2572DE4B006E8D43 /* others.swift in Sources */ = {isa = PBXBuildFile; fileRef = 50B6B3392572DE4B006E8D43 /* others.swift */; };
		50B6B33C2572FFDD006E8D43 /* invariable.swift in Sources */ = {isa = PBXBuildFile; fileRef = 50B6B33B2572FFDD006E8D43 /* invariable.swift */; };
		65D9446CC7AC687A72D6096C /* Pods_MUSYC.framework in Frameworks */ = {isa = PBXBuildFile; fileRef = DC99187DE6B895768A8434F2 /* Pods_MUSYC.framework */; };
		7829E4FB256230E70049E4A0 /* AppDelegate.swift in Sources */ = {isa = PBXBuildFile; fileRef = 7829E4FA256230E70049E4A0 /* AppDelegate.swift */; };
		7829E4FD256230E70049E4A0 /* SceneDelegate.swift in Sources */ = {isa = PBXBuildFile; fileRef = 7829E4FC256230E70049E4A0 /* SceneDelegate.swift */; };
		7829E4FF256230E70049E4A0 /* ViewController.swift in Sources */ = {isa = PBXBuildFile; fileRef = 7829E4FE256230E70049E4A0 /* ViewController.swift */; };
		7829E502256230E70049E4A0 /* Main.storyboard in Resources */ = {isa = PBXBuildFile; fileRef = 7829E500256230E70049E4A0 /* Main.storyboard */; };
		7829E504256230E80049E4A0 /* Assets.xcassets in Resources */ = {isa = PBXBuildFile; fileRef = 7829E503256230E80049E4A0 /* Assets.xcassets */; };
		7829E507256230E80049E4A0 /* LaunchScreen.storyboard in Resources */ = {isa = PBXBuildFile; fileRef = 7829E505256230E80049E4A0 /* LaunchScreen.storyboard */; };
		7858BF332581265B00E4D00E /* SpotifyiOS.framework in Frameworks */ = {isa = PBXBuildFile; fileRef = 7858BF322581265B00E4D00E /* SpotifyiOS.framework */; };
		AC3810DE256FF7D100BF8D0B /* SearchViewController.swift in Sources */ = {isa = PBXBuildFile; fileRef = AC3810DD256FF7D100BF8D0B /* SearchViewController.swift */; };
		ACC07CCB25749B0600606BDC /* AlbumViewController.swift in Sources */ = {isa = PBXBuildFile; fileRef = ACC07CCA25749B0600606BDC /* AlbumViewController.swift */; };
		ACEA441C25740F8100912E3D /* TrackDetailedViewController.swift in Sources */ = {isa = PBXBuildFile; fileRef = ACEA441B25740F8100912E3D /* TrackDetailedViewController.swift */; };
/* End PBXBuildFile section */

/* Begin PBXFileReference section */
		507DA7742571C52B00212DA7 /* GoogleService-Info.plist */ = {isa = PBXFileReference; fileEncoding = 4; lastKnownFileType = text.plist.xml; path = "GoogleService-Info.plist"; sourceTree = "<group>"; };
		50B6B32D2571DC8B006E8D43 /* SignUpViewController.swift */ = {isa = PBXFileReference; lastKnownFileType = sourcecode.swift; path = SignUpViewController.swift; sourceTree = "<group>"; };
		50B6B32F2571DCA2006E8D43 /* SignInViewController.swift */ = {isa = PBXFileReference; lastKnownFileType = sourcecode.swift; path = SignInViewController.swift; sourceTree = "<group>"; };
		50B6B3312572C22D006E8D43 /* HomeViewController.swift */ = {isa = PBXFileReference; lastKnownFileType = sourcecode.swift; path = HomeViewController.swift; sourceTree = "<group>"; };
		50B6B3372572D108006E8D43 /* LoginPageViewController.swift */ = {isa = PBXFileReference; lastKnownFileType = sourcecode.swift; path = LoginPageViewController.swift; sourceTree = "<group>"; };
		50B6B3392572DE4B006E8D43 /* others.swift */ = {isa = PBXFileReference; lastKnownFileType = sourcecode.swift; path = others.swift; sourceTree = "<group>"; };
		50B6B33B2572FFDD006E8D43 /* invariable.swift */ = {isa = PBXFileReference; lastKnownFileType = sourcecode.swift; path = invariable.swift; sourceTree = "<group>"; };
		7829E4F7256230E70049E4A0 /* MUSYC.app */ = {isa = PBXFileReference; explicitFileType = wrapper.application; includeInIndex = 0; path = MUSYC.app; sourceTree = BUILT_PRODUCTS_DIR; };
		7829E4FA256230E70049E4A0 /* AppDelegate.swift */ = {isa = PBXFileReference; lastKnownFileType = sourcecode.swift; path = AppDelegate.swift; sourceTree = "<group>"; };
		7829E4FC256230E70049E4A0 /* SceneDelegate.swift */ = {isa = PBXFileReference; lastKnownFileType = sourcecode.swift; path = SceneDelegate.swift; sourceTree = "<group>"; };
		7829E4FE256230E70049E4A0 /* ViewController.swift */ = {isa = PBXFileReference; lastKnownFileType = sourcecode.swift; path = ViewController.swift; sourceTree = "<group>"; };
		7829E501256230E70049E4A0 /* Base */ = {isa = PBXFileReference; lastKnownFileType = file.storyboard; name = Base; path = Base.lproj/Main.storyboard; sourceTree = "<group>"; };
		7829E503256230E80049E4A0 /* Assets.xcassets */ = {isa = PBXFileReference; lastKnownFileType = folder.assetcatalog; path = Assets.xcassets; sourceTree = "<group>"; };
		7829E506256230E80049E4A0 /* Base */ = {isa = PBXFileReference; lastKnownFileType = file.storyboard; name = Base; path = Base.lproj/LaunchScreen.storyboard; sourceTree = "<group>"; };
		7829E508256230E80049E4A0 /* Info.plist */ = {isa = PBXFileReference; lastKnownFileType = text.plist.xml; path = Info.plist; sourceTree = "<group>"; };
		7858BF312581128D00E4D00E /* Musyc.h */ = {isa = PBXFileReference; lastKnownFileType = sourcecode.c.h; path = Musyc.h; sourceTree = "<group>"; };
		7858BF322581265B00E4D00E /* SpotifyiOS.framework */ = {isa = PBXFileReference; lastKnownFileType = wrapper.framework; path = SpotifyiOS.framework; sourceTree = "<group>"; };
		7F2AB319C7D9BF1204B20C8A /* Pods-MUSYC.debug.xcconfig */ = {isa = PBXFileReference; includeInIndex = 1; lastKnownFileType = text.xcconfig; name = "Pods-MUSYC.debug.xcconfig"; path = "Target Support Files/Pods-MUSYC/Pods-MUSYC.debug.xcconfig"; sourceTree = "<group>"; };
		82FEB2C62BCD81B28FBBF239 /* Pods-MUSYC.release.xcconfig */ = {isa = PBXFileReference; includeInIndex = 1; lastKnownFileType = text.xcconfig; name = "Pods-MUSYC.release.xcconfig"; path = "Target Support Files/Pods-MUSYC/Pods-MUSYC.release.xcconfig"; sourceTree = "<group>"; };
		AC3810DD256FF7D100BF8D0B /* SearchViewController.swift */ = {isa = PBXFileReference; lastKnownFileType = sourcecode.swift; path = SearchViewController.swift; sourceTree = "<group>"; };
		ACC07CCA25749B0600606BDC /* AlbumViewController.swift */ = {isa = PBXFileReference; lastKnownFileType = sourcecode.swift; path = AlbumViewController.swift; sourceTree = "<group>"; };
		ACEA441B25740F8100912E3D /* TrackDetailedViewController.swift */ = {isa = PBXFileReference; lastKnownFileType = sourcecode.swift; path = TrackDetailedViewController.swift; sourceTree = "<group>"; };
		DC99187DE6B895768A8434F2 /* Pods_MUSYC.framework */ = {isa = PBXFileReference; explicitFileType = wrapper.framework; includeInIndex = 0; path = Pods_MUSYC.framework; sourceTree = BUILT_PRODUCTS_DIR; };
/* End PBXFileReference section */

/* Begin PBXFrameworksBuildPhase section */
		7829E4F4256230E70049E4A0 /* Frameworks */ = {
			isa = PBXFrameworksBuildPhase;
			buildActionMask = 2147483647;
			files = (
				7858BF332581265B00E4D00E /* SpotifyiOS.framework in Frameworks */,
				65D9446CC7AC687A72D6096C /* Pods_MUSYC.framework in Frameworks */,
			);
			runOnlyForDeploymentPostprocessing = 0;
		};
/* End PBXFrameworksBuildPhase section */

/* Begin PBXGroup section */
		50B6B32C2571DC36006E8D43 /* Login page Controller */ = {
			isa = PBXGroup;
			children = (
				50B6B32D2571DC8B006E8D43 /* SignUpViewController.swift */,
				50B6B32F2571DCA2006E8D43 /* SignInViewController.swift */,
				50B6B3312572C22D006E8D43 /* HomeViewController.swift */,
				50B6B3372572D108006E8D43 /* LoginPageViewController.swift */,
				50B6B3392572DE4B006E8D43 /* others.swift */,
				50B6B33B2572FFDD006E8D43 /* invariable.swift */,
			);
			path = "Login page Controller";
			sourceTree = "<group>";
		};
		56B2328DDD2B9DA4031D43DA /* Frameworks */ = {
			isa = PBXGroup;
			children = (
				DC99187DE6B895768A8434F2 /* Pods_MUSYC.framework */,
			);
			name = Frameworks;
			sourceTree = "<group>";
		};
		688953952FB5173F6D4BB299 /* Pods */ = {
			isa = PBXGroup;
			children = (
				7F2AB319C7D9BF1204B20C8A /* Pods-MUSYC.debug.xcconfig */,
				82FEB2C62BCD81B28FBBF239 /* Pods-MUSYC.release.xcconfig */,
			);
			path = Pods;
			sourceTree = "<group>";
		};
		7829E4EE256230E70049E4A0 = {
			isa = PBXGroup;
			children = (
				7829E4F9256230E70049E4A0 /* MUSYC */,
				7829E4F8256230E70049E4A0 /* Products */,
				688953952FB5173F6D4BB299 /* Pods */,
				56B2328DDD2B9DA4031D43DA /* Frameworks */,
			);
			sourceTree = "<group>";
		};
		7829E4F8256230E70049E4A0 /* Products */ = {
			isa = PBXGroup;
			children = (
				7829E4F7256230E70049E4A0 /* MUSYC.app */,
			);
			name = Products;
			sourceTree = "<group>";
		};
		7829E4F9256230E70049E4A0 /* MUSYC */ = {
			isa = PBXGroup;
			children = (
				50B6B32C2571DC36006E8D43 /* Login page Controller */,
				7829E4FA256230E70049E4A0 /* AppDelegate.swift */,
				7829E4FC256230E70049E4A0 /* SceneDelegate.swift */,
				7829E4FE256230E70049E4A0 /* ViewController.swift */,
				7829E500256230E70049E4A0 /* Main.storyboard */,
				7829E503256230E80049E4A0 /* Assets.xcassets */,
				7829E505256230E80049E4A0 /* LaunchScreen.storyboard */,
				7829E508256230E80049E4A0 /* Info.plist */,
				AC3810DD256FF7D100BF8D0B /* SearchViewController.swift */,
				507DA7742571C52B00212DA7 /* GoogleService-Info.plist */,
				ACEA441B25740F8100912E3D /* TrackDetailedViewController.swift */,
				ACC07CCA25749B0600606BDC /* AlbumViewController.swift */,
				7858BF312581128D00E4D00E /* Musyc.h */,
				7858BF322581265B00E4D00E /* SpotifyiOS.framework */,
			);
			path = MUSYC;
			sourceTree = "<group>";
		};
/* End PBXGroup section */

/* Begin PBXNativeTarget section */
		7829E4F6256230E70049E4A0 /* MUSYC */ = {
			isa = PBXNativeTarget;
			buildConfigurationList = 7829E50B256230E80049E4A0 /* Build configuration list for PBXNativeTarget "MUSYC" */;
			buildPhases = (
				35C6B60C0CADE6E3B68514E3 /* [CP] Check Pods Manifest.lock */,
				7829E4F3256230E70049E4A0 /* Sources */,
				7829E4F4256230E70049E4A0 /* Frameworks */,
				7829E4F5256230E70049E4A0 /* Resources */,
				5A53D185ABA5E17961153A3F /* [CP] Embed Pods Frameworks */,
			);
			buildRules = (
			);
			dependencies = (
			);
			name = MUSYC;
			productName = MUSYC;
			productReference = 7829E4F7256230E70049E4A0 /* MUSYC.app */;
			productType = "com.apple.product-type.application";
		};
/* End PBXNativeTarget section */

/* Begin PBXProject section */
		7829E4EF256230E70049E4A0 /* Project object */ = {
			isa = PBXProject;
			attributes = {
				LastSwiftUpdateCheck = 1150;
				LastUpgradeCheck = 1150;
				ORGANIZATIONNAME = "Anh Le";
				TargetAttributes = {
					7829E4F6256230E70049E4A0 = {
						CreatedOnToolsVersion = 11.5;
					};
				};
			};
			buildConfigurationList = 7829E4F2256230E70049E4A0 /* Build configuration list for PBXProject "MUSYC" */;
			compatibilityVersion = "Xcode 9.3";
			developmentRegion = en;
			hasScannedForEncodings = 0;
			knownRegions = (
				en,
				Base,
			);
			mainGroup = 7829E4EE256230E70049E4A0;
			productRefGroup = 7829E4F8256230E70049E4A0 /* Products */;
			projectDirPath = "";
			projectRoot = "";
			targets = (
				7829E4F6256230E70049E4A0 /* MUSYC */,
			);
		};
/* End PBXProject section */

/* Begin PBXResourcesBuildPhase section */
		7829E4F5256230E70049E4A0 /* Resources */ = {
			isa = PBXResourcesBuildPhase;
			buildActionMask = 2147483647;
			files = (
				7829E507256230E80049E4A0 /* LaunchScreen.storyboard in Resources */,
				507DA7752571C52B00212DA7 /* GoogleService-Info.plist in Resources */,
				7829E504256230E80049E4A0 /* Assets.xcassets in Resources */,
				7829E502256230E70049E4A0 /* Main.storyboard in Resources */,
			);
			runOnlyForDeploymentPostprocessing = 0;
		};
/* End PBXResourcesBuildPhase section */

/* Begin PBXShellScriptBuildPhase section */
		35C6B60C0CADE6E3B68514E3 /* [CP] Check Pods Manifest.lock */ = {
			isa = PBXShellScriptBuildPhase;
			buildActionMask = 2147483647;
			files = (
			);
			inputFileListPaths = (
			);
			inputPaths = (
				"${PODS_PODFILE_DIR_PATH}/Podfile.lock",
				"${PODS_ROOT}/Manifest.lock",
			);
			name = "[CP] Check Pods Manifest.lock";
			outputFileListPaths = (
			);
			outputPaths = (
				"$(DERIVED_FILE_DIR)/Pods-MUSYC-checkManifestLockResult.txt",
			);
			runOnlyForDeploymentPostprocessing = 0;
			shellPath = /bin/sh;
			shellScript = "diff \"${PODS_PODFILE_DIR_PATH}/Podfile.lock\" \"${PODS_ROOT}/Manifest.lock\" > /dev/null\nif [ $? != 0 ] ; then\n    # print error to STDERR\n    echo \"error: The sandbox is not in sync with the Podfile.lock. Run 'pod install' or update your CocoaPods installation.\" >&2\n    exit 1\nfi\n# This output is used by Xcode 'outputs' to avoid re-running this script phase.\necho \"SUCCESS\" > \"${SCRIPT_OUTPUT_FILE_0}\"\n";
			showEnvVarsInLog = 0;
		};
		5A53D185ABA5E17961153A3F /* [CP] Embed Pods Frameworks */ = {
			isa = PBXShellScriptBuildPhase;
			buildActionMask = 2147483647;
			files = (
			);
			inputFileListPaths = (
				"${PODS_ROOT}/Target Support Files/Pods-MUSYC/Pods-MUSYC-frameworks-${CONFIGURATION}-input-files.xcfilelist",
			);
			name = "[CP] Embed Pods Frameworks";
			outputFileListPaths = (
				"${PODS_ROOT}/Target Support Files/Pods-MUSYC/Pods-MUSYC-frameworks-${CONFIGURATION}-output-files.xcfilelist",
			);
			runOnlyForDeploymentPostprocessing = 0;
			shellPath = /bin/sh;
			shellScript = "\"${PODS_ROOT}/Target Support Files/Pods-MUSYC/Pods-MUSYC-frameworks.sh\"\n";
			showEnvVarsInLog = 0;
		};
/* End PBXShellScriptBuildPhase section */

/* Begin PBXSourcesBuildPhase section */
		7829E4F3256230E70049E4A0 /* Sources */ = {
			isa = PBXSourcesBuildPhase;
			buildActionMask = 2147483647;
			files = (
				ACC07CCB25749B0600606BDC /* AlbumViewController.swift in Sources */,
				7829E4FF256230E70049E4A0 /* ViewController.swift in Sources */,
				7829E4FB256230E70049E4A0 /* AppDelegate.swift in Sources */,
				50B6B33C2572FFDD006E8D43 /* invariable.swift in Sources */,
				50B6B3302571DCA2006E8D43 /* SignInViewController.swift in Sources */,
				ACEA441C25740F8100912E3D /* TrackDetailedViewController.swift in Sources */,
				AC3810DE256FF7D100BF8D0B /* SearchViewController.swift in Sources */,
				7829E4FD256230E70049E4A0 /* SceneDelegate.swift in Sources */,
				50B6B3382572D108006E8D43 /* LoginPageViewController.swift in Sources */,
				50B6B33A2572DE4B006E8D43 /* others.swift in Sources */,
				50B6B3322572C22D006E8D43 /* HomeViewController.swift in Sources */,
				50B6B32E2571DC8B006E8D43 /* SignUpViewController.swift in Sources */,
			);
			runOnlyForDeploymentPostprocessing = 0;
		};
/* End PBXSourcesBuildPhase section */

/* Begin PBXVariantGroup section */
		7829E500256230E70049E4A0 /* Main.storyboard */ = {
			isa = PBXVariantGroup;
			children = (
				7829E501256230E70049E4A0 /* Base */,
			);
			name = Main.storyboard;
			sourceTree = "<group>";
		};
		7829E505256230E80049E4A0 /* LaunchScreen.storyboard */ = {
			isa = PBXVariantGroup;
			children = (
				7829E506256230E80049E4A0 /* Base */,
			);
			name = LaunchScreen.storyboard;
			sourceTree = "<group>";
		};
/* End PBXVariantGroup section */

/* Begin XCBuildConfiguration section */
		7829E509256230E80049E4A0 /* Debug */ = {
			isa = XCBuildConfiguration;
			buildSettings = {
				ALWAYS_SEARCH_USER_PATHS = NO;
				CLANG_ANALYZER_NONNULL = YES;
				CLANG_ANALYZER_NUMBER_OBJECT_CONVERSION = YES_AGGRESSIVE;
				CLANG_CXX_LANGUAGE_STANDARD = "gnu++14";
				CLANG_CXX_LIBRARY = "libc++";
				CLANG_ENABLE_MODULES = YES;
				CLANG_ENABLE_OBJC_ARC = YES;
				CLANG_ENABLE_OBJC_WEAK = YES;
				CLANG_WARN_BLOCK_CAPTURE_AUTORELEASING = YES;
				CLANG_WARN_BOOL_CONVERSION = YES;
				CLANG_WARN_COMMA = YES;
				CLANG_WARN_CONSTANT_CONVERSION = YES;
				CLANG_WARN_DEPRECATED_OBJC_IMPLEMENTATIONS = YES;
				CLANG_WARN_DIRECT_OBJC_ISA_USAGE = YES_ERROR;
				CLANG_WARN_DOCUMENTATION_COMMENTS = YES;
				CLANG_WARN_EMPTY_BODY = YES;
				CLANG_WARN_ENUM_CONVERSION = YES;
				CLANG_WARN_INFINITE_RECURSION = YES;
				CLANG_WARN_INT_CONVERSION = YES;
				CLANG_WARN_NON_LITERAL_NULL_CONVERSION = YES;
				CLANG_WARN_OBJC_IMPLICIT_RETAIN_SELF = YES;
				CLANG_WARN_OBJC_LITERAL_CONVERSION = YES;
				CLANG_WARN_OBJC_ROOT_CLASS = YES_ERROR;
				CLANG_WARN_RANGE_LOOP_ANALYSIS = YES;
				CLANG_WARN_STRICT_PROTOTYPES = YES;
				CLANG_WARN_SUSPICIOUS_MOVE = YES;
				CLANG_WARN_UNGUARDED_AVAILABILITY = YES_AGGRESSIVE;
				CLANG_WARN_UNREACHABLE_CODE = YES;
				CLANG_WARN__DUPLICATE_METHOD_MATCH = YES;
				COPY_PHASE_STRIP = NO;
				DEBUG_INFORMATION_FORMAT = dwarf;
				ENABLE_STRICT_OBJC_MSGSEND = YES;
				ENABLE_TESTABILITY = YES;
				GCC_C_LANGUAGE_STANDARD = gnu11;
				GCC_DYNAMIC_NO_PIC = NO;
				GCC_NO_COMMON_BLOCKS = YES;
				GCC_OPTIMIZATION_LEVEL = 0;
				GCC_PREPROCESSOR_DEFINITIONS = (
					"DEBUG=1",
					"$(inherited)",
				);
				GCC_WARN_64_TO_32_BIT_CONVERSION = YES;
				GCC_WARN_ABOUT_RETURN_TYPE = YES_ERROR;
				GCC_WARN_UNDECLARED_SELECTOR = YES;
				GCC_WARN_UNINITIALIZED_AUTOS = YES_AGGRESSIVE;
				GCC_WARN_UNUSED_FUNCTION = YES;
				GCC_WARN_UNUSED_VARIABLE = YES;
				IPHONEOS_DEPLOYMENT_TARGET = 13.5;
				MTL_ENABLE_DEBUG_INFO = INCLUDE_SOURCE;
				MTL_FAST_MATH = YES;
				ONLY_ACTIVE_ARCH = YES;
				SDKROOT = iphoneos;
				SWIFT_ACTIVE_COMPILATION_CONDITIONS = DEBUG;
				SWIFT_OBJC_BRIDGING_HEADER = ./MUSYC/Musyc.h;
				SWIFT_OPTIMIZATION_LEVEL = "-Onone";
				SWIFT_PRECOMPILE_BRIDGING_HEADER = NO;
			};
			name = Debug;
		};
		7829E50A256230E80049E4A0 /* Release */ = {
			isa = XCBuildConfiguration;
			buildSettings = {
				ALWAYS_SEARCH_USER_PATHS = NO;
				CLANG_ANALYZER_NONNULL = YES;
				CLANG_ANALYZER_NUMBER_OBJECT_CONVERSION = YES_AGGRESSIVE;
				CLANG_CXX_LANGUAGE_STANDARD = "gnu++14";
				CLANG_CXX_LIBRARY = "libc++";
				CLANG_ENABLE_MODULES = YES;
				CLANG_ENABLE_OBJC_ARC = YES;
				CLANG_ENABLE_OBJC_WEAK = YES;
				CLANG_WARN_BLOCK_CAPTURE_AUTORELEASING = YES;
				CLANG_WARN_BOOL_CONVERSION = YES;
				CLANG_WARN_COMMA = YES;
				CLANG_WARN_CONSTANT_CONVERSION = YES;
				CLANG_WARN_DEPRECATED_OBJC_IMPLEMENTATIONS = YES;
				CLANG_WARN_DIRECT_OBJC_ISA_USAGE = YES_ERROR;
				CLANG_WARN_DOCUMENTATION_COMMENTS = YES;
				CLANG_WARN_EMPTY_BODY = YES;
				CLANG_WARN_ENUM_CONVERSION = YES;
				CLANG_WARN_INFINITE_RECURSION = YES;
				CLANG_WARN_INT_CONVERSION = YES;
				CLANG_WARN_NON_LITERAL_NULL_CONVERSION = YES;
				CLANG_WARN_OBJC_IMPLICIT_RETAIN_SELF = YES;
				CLANG_WARN_OBJC_LITERAL_CONVERSION = YES;
				CLANG_WARN_OBJC_ROOT_CLASS = YES_ERROR;
				CLANG_WARN_RANGE_LOOP_ANALYSIS = YES;
				CLANG_WARN_STRICT_PROTOTYPES = YES;
				CLANG_WARN_SUSPICIOUS_MOVE = YES;
				CLANG_WARN_UNGUARDED_AVAILABILITY = YES_AGGRESSIVE;
				CLANG_WARN_UNREACHABLE_CODE = YES;
				CLANG_WARN__DUPLICATE_METHOD_MATCH = YES;
				COPY_PHASE_STRIP = NO;
				DEBUG_INFORMATION_FORMAT = "dwarf-with-dsym";
				ENABLE_NS_ASSERTIONS = NO;
				ENABLE_STRICT_OBJC_MSGSEND = YES;
				GCC_C_LANGUAGE_STANDARD = gnu11;
				GCC_NO_COMMON_BLOCKS = YES;
				GCC_WARN_64_TO_32_BIT_CONVERSION = YES;
				GCC_WARN_ABOUT_RETURN_TYPE = YES_ERROR;
				GCC_WARN_UNDECLARED_SELECTOR = YES;
				GCC_WARN_UNINITIALIZED_AUTOS = YES_AGGRESSIVE;
				GCC_WARN_UNUSED_FUNCTION = YES;
				GCC_WARN_UNUSED_VARIABLE = YES;
				IPHONEOS_DEPLOYMENT_TARGET = 13.5;
				MTL_ENABLE_DEBUG_INFO = NO;
				MTL_FAST_MATH = YES;
				SDKROOT = iphoneos;
				SWIFT_COMPILATION_MODE = wholemodule;
				SWIFT_OBJC_BRIDGING_HEADER = ./MUSYC/Musyc.h;
				SWIFT_OPTIMIZATION_LEVEL = "-O";
				SWIFT_PRECOMPILE_BRIDGING_HEADER = NO;
				VALIDATE_PRODUCT = YES;
			};
			name = Release;
		};
		7829E50C256230E80049E4A0 /* Debug */ = {
			isa = XCBuildConfiguration;
			baseConfigurationReference = 7F2AB319C7D9BF1204B20C8A /* Pods-MUSYC.debug.xcconfig */;
			buildSettings = {
				ASSETCATALOG_COMPILER_APPICON_NAME = AppIcon;
				CODE_SIGN_STYLE = Automatic;
				DEVELOPMENT_TEAM = 52H3TQCL25;
				FRAMEWORK_SEARCH_PATHS = (
					"$(inherited)",
					"$(PROJECT_DIR)/MUSYC",
				);
				INFOPLIST_FILE = MUSYC/Info.plist;
				LD_RUNPATH_SEARCH_PATHS = (
					"$(inherited)",
					"@executable_path/Frameworks",
				);
				PRODUCT_BUNDLE_IDENTIFIER = depauw.MUSYC;
				PRODUCT_NAME = "$(TARGET_NAME)";
				SWIFT_OBJC_BRIDGING_HEADER = ./MUSYC/Musyc.h;
				SWIFT_VERSION = 5.0;
				TARGETED_DEVICE_FAMILY = "1,2";
			};
			name = Debug;
		};
		7829E50D256230E80049E4A0 /* Release */ = {
			isa = XCBuildConfiguration;
			baseConfigurationReference = 82FEB2C62BCD81B28FBBF239 /* Pods-MUSYC.release.xcconfig */;
			buildSettings = {
				ASSETCATALOG_COMPILER_APPICON_NAME = AppIcon;
				CODE_SIGN_STYLE = Automatic;
				DEVELOPMENT_TEAM = 52H3TQCL25;
				FRAMEWORK_SEARCH_PATHS = (
					"$(inherited)",
					"$(PROJECT_DIR)/MUSYC",
				);
				INFOPLIST_FILE = MUSYC/Info.plist;
				LD_RUNPATH_SEARCH_PATHS = (
					"$(inherited)",
					"@executable_path/Frameworks",
				);
				PRODUCT_BUNDLE_IDENTIFIER = depauw.MUSYC;
				PRODUCT_NAME = "$(TARGET_NAME)";
				SWIFT_OBJC_BRIDGING_HEADER = ./MUSYC/Musyc.h;
				SWIFT_VERSION = 5.0;
				TARGETED_DEVICE_FAMILY = "1,2";
			};
			name = Release;
		};
/* End XCBuildConfiguration section */

/* Begin XCConfigurationList section */
		7829E4F2256230E70049E4A0 /* Build configuration list for PBXProject "MUSYC" */ = {
			isa = XCConfigurationList;
			buildConfigurations = (
				7829E509256230E80049E4A0 /* Debug */,
				7829E50A256230E80049E4A0 /* Release */,
			);
			defaultConfigurationIsVisible = 0;
			defaultConfigurationName = Release;
		};
		7829E50B256230E80049E4A0 /* Build configuration list for PBXNativeTarget "MUSYC" */ = {
			isa = XCConfigurationList;
			buildConfigurations = (
				7829E50C256230E80049E4A0 /* Debug */,
				7829E50D256230E80049E4A0 /* Release */,
			);
			defaultConfigurationIsVisible = 0;
			defaultConfigurationName = Release;
		};
/* End XCConfigurationList section */
	};
	rootObject = 7829E4EF256230E70049E4A0 /* Project object */;
}
